// !$*UTF8*$!
{
	archiveVersion = 1;
	classes = {
	};
	objectVersion = 50;
	objects = {

/* Begin PBXBuildFile section */
		EB1B3E9C223C1D5C00D6F433 /* AppDelegate.swift in Sources */ = {isa = PBXBuildFile; fileRef = EB1B3E9B223C1D5C00D6F433 /* AppDelegate.swift */; };
		EB1B3EA1223C1D5C00D6F433 /* Main.storyboard in Resources */ = {isa = PBXBuildFile; fileRef = EB1B3E9F223C1D5C00D6F433 /* Main.storyboard */; };
		EB1B3EA4223C1D5C00D6F433 /* Inspira.xcdatamodeld in Sources */ = {isa = PBXBuildFile; fileRef = EB1B3EA2223C1D5C00D6F433 /* Inspira.xcdatamodeld */; };
		EB1B3EA6223C1D6600D6F433 /* Assets.xcassets in Resources */ = {isa = PBXBuildFile; fileRef = EB1B3EA5223C1D6600D6F433 /* Assets.xcassets */; };
		EB1B3EA9223C1D6700D6F433 /* LaunchScreen.storyboard in Resources */ = {isa = PBXBuildFile; fileRef = EB1B3EA7223C1D6700D6F433 /* LaunchScreen.storyboard */; };
		EB1B3EB1223C2A2800D6F433 /* QuoteCollectionTableViewController.swift in Sources */ = {isa = PBXBuildFile; fileRef = EB1B3EB0223C2A2800D6F433 /* QuoteCollectionTableViewController.swift */; };
		EB1B3EB3223C2B2800D6F433 /* QuoteDetailViewController.swift in Sources */ = {isa = PBXBuildFile; fileRef = EB1B3EB2223C2B2800D6F433 /* QuoteDetailViewController.swift */; };
		EB207EEB2241553B000082FA /* Quote.swift in Sources */ = {isa = PBXBuildFile; fileRef = EB207EEA2241553B000082FA /* Quote.swift */; };
/* End PBXBuildFile section */

/* Begin PBXFileReference section */
		EB1B3E98223C1D5C00D6F433 /* Inspira.app */ = {isa = PBXFileReference; explicitFileType = wrapper.application; includeInIndex = 0; path = Inspira.app; sourceTree = BUILT_PRODUCTS_DIR; };
		EB1B3E9B223C1D5C00D6F433 /* AppDelegate.swift */ = {isa = PBXFileReference; lastKnownFileType = sourcecode.swift; path = AppDelegate.swift; sourceTree = "<group>"; };
		EB1B3EA0223C1D5C00D6F433 /* Base */ = {isa = PBXFileReference; lastKnownFileType = file.storyboard; name = Base; path = Base.lproj/Main.storyboard; sourceTree = "<group>"; };
		EB1B3EA3223C1D5C00D6F433 /* Inspira.xcdatamodel */ = {isa = PBXFileReference; lastKnownFileType = wrapper.xcdatamodel; path = Inspira.xcdatamodel; sourceTree = "<group>"; };
		EB1B3EA5223C1D6600D6F433 /* Assets.xcassets */ = {isa = PBXFileReference; lastKnownFileType = folder.assetcatalog; path = Assets.xcassets; sourceTree = "<group>"; };
		EB1B3EA8223C1D6700D6F433 /* Base */ = {isa = PBXFileReference; lastKnownFileType = file.storyboard; name = Base; path = Base.lproj/LaunchScreen.storyboard; sourceTree = "<group>"; };
		EB1B3EAA223C1D6700D6F433 /* Info.plist */ = {isa = PBXFileReference; lastKnownFileType = text.plist.xml; path = Info.plist; sourceTree = "<group>"; };
		EB1B3EB0223C2A2800D6F433 /* QuoteCollectionTableViewController.swift */ = {isa = PBXFileReference; lastKnownFileType = sourcecode.swift; path = QuoteCollectionTableViewController.swift; sourceTree = "<group>"; };
		EB1B3EB2223C2B2800D6F433 /* QuoteDetailViewController.swift */ = {isa = PBXFileReference; lastKnownFileType = sourcecode.swift; path = QuoteDetailViewController.swift; sourceTree = "<group>"; };
		EB207EEA2241553B000082FA /* Quote.swift */ = {isa = PBXFileReference; lastKnownFileType = sourcecode.swift; path = Quote.swift; sourceTree = "<group>"; };
/* End PBXFileReference section */

/* Begin PBXFrameworksBuildPhase section */
		EB1B3E95223C1D5C00D6F433 /* Frameworks */ = {
			isa = PBXFrameworksBuildPhase;
			buildActionMask = 2147483647;
			files = (
			);
			runOnlyForDeploymentPostprocessing = 0;
		};
/* End PBXFrameworksBuildPhase section */

/* Begin PBXGroup section */
		EB1B3E8F223C1D5C00D6F433 = {
			isa = PBXGroup;
			children = (
				EB1B3E9A223C1D5C00D6F433 /* Inspira */,
				EB1B3E99223C1D5C00D6F433 /* Products */,
			);
			sourceTree = "<group>";
		};
		EB1B3E99223C1D5C00D6F433 /* Products */ = {
			isa = PBXGroup;
			children = (
				EB1B3E98223C1D5C00D6F433 /* Inspira.app */,
			);
			name = Products;
			sourceTree = "<group>";
		};
		EB1B3E9A223C1D5C00D6F433 /* Inspira */ = {
			isa = PBXGroup;
			children = (
				EB1B3EB0223C2A2800D6F433 /* QuoteCollectionTableViewController.swift */,
				EB207EEA2241553B000082FA /* Quote.swift */,
				EBE7C056223F9F7B000DA9A5 /* Supporting Files */,
				EB1B3E9F223C1D5C00D6F433 /* Main.storyboard */,
				EB1B3EB2223C2B2800D6F433 /* QuoteDetailViewController.swift */,
				EB1B3EA2223C1D5C00D6F433 /* Inspira.xcdatamodeld */,
				EB1B3EAA223C1D6700D6F433 /* Info.plist */,
			);
			path = Inspira;
			sourceTree = "<group>";
		};
		EBE7C056223F9F7B000DA9A5 /* Supporting Files */ = {
			isa = PBXGroup;
			children = (
				EB1B3E9B223C1D5C00D6F433 /* AppDelegate.swift */,
				EB1B3EA7223C1D6700D6F433 /* LaunchScreen.storyboard */,
				EB1B3EA5223C1D6600D6F433 /* Assets.xcassets */,
			);
			path = "Supporting Files";
			sourceTree = "<group>";
		};
/* End PBXGroup section */

/* Begin PBXNativeTarget section */
		EB1B3E97223C1D5C00D6F433 /* Inspira */ = {
			isa = PBXNativeTarget;
			buildConfigurationList = EB1B3EAD223C1D6700D6F433 /* Build configuration list for PBXNativeTarget "Inspira" */;
			buildPhases = (
				EB1B3E94223C1D5C00D6F433 /* Sources */,
				EB1B3E95223C1D5C00D6F433 /* Frameworks */,
				EB1B3E96223C1D5C00D6F433 /* Resources */,
			);
			buildRules = (
			);
			dependencies = (
			);
			name = Inspira;
			productName = Inspira;
			productReference = EB1B3E98223C1D5C00D6F433 /* Inspira.app */;
			productType = "com.apple.product-type.application";
		};
/* End PBXNativeTarget section */

/* Begin PBXProject section */
		EB1B3E90223C1D5C00D6F433 /* Project object */ = {
			isa = PBXProject;
			attributes = {
				LastSwiftUpdateCheck = 1010;
				LastUpgradeCheck = 1010;
				ORGANIZATIONNAME = "James Ortiz";
				TargetAttributes = {
					EB1B3E97223C1D5C00D6F433 = {
						CreatedOnToolsVersion = 10.1;
						LastSwiftMigration = 1020;
					};
				};
			};
			buildConfigurationList = EB1B3E93223C1D5C00D6F433 /* Build configuration list for PBXProject "Inspira" */;
			compatibilityVersion = "Xcode 9.3";
			developmentRegion = en;
			hasScannedForEncodings = 0;
			knownRegions = (
				en,
				Base,
			);
			mainGroup = EB1B3E8F223C1D5C00D6F433;
			productRefGroup = EB1B3E99223C1D5C00D6F433 /* Products */;
			projectDirPath = "";
			projectRoot = "";
			targets = (
				EB1B3E97223C1D5C00D6F433 /* Inspira */,
			);
		};
/* End PBXProject section */

/* Begin PBXResourcesBuildPhase section */
		EB1B3E96223C1D5C00D6F433 /* Resources */ = {
			isa = PBXResourcesBuildPhase;
			buildActionMask = 2147483647;
			files = (
				EB1B3EA9223C1D6700D6F433 /* LaunchScreen.storyboard in Resources */,
				EB1B3EA6223C1D6600D6F433 /* Assets.xcassets in Resources */,
				EB1B3EA1223C1D5C00D6F433 /* Main.storyboard in Resources */,
			);
			runOnlyForDeploymentPostprocessing = 0;
		};
/* End PBXResourcesBuildPhase section */

/* Begin PBXSourcesBuildPhase section */
		EB1B3E94223C1D5C00D6F433 /* Sources */ = {
			isa = PBXSourcesBuildPhase;
			buildActionMask = 2147483647;
			files = (
				EB1B3EB1223C2A2800D6F433 /* QuoteCollectionTableViewController.swift in Sources */,
				EB1B3EA4223C1D5C00D6F433 /* Inspira.xcdatamodeld in Sources */,
				EB1B3EB3223C2B2800D6F433 /* QuoteDetailViewController.swift in Sources */,
				EB207EEB2241553B000082FA /* Quote.swift in Sources */,
				EB1B3E9C223C1D5C00D6F433 /* AppDelegate.swift in Sources */,
			);
			runOnlyForDeploymentPostprocessing = 0;
		};
/* End PBXSourcesBuildPhase section */

/* Begin PBXVariantGroup section */
		EB1B3E9F223C1D5C00D6F433 /* Main.storyboard */ = {
			isa = PBXVariantGroup;
			children = (
				EB1B3EA0223C1D5C00D6F433 /* Base */,
			);
			name = Main.storyboard;
			sourceTree = "<group>";
		};
		EB1B3EA7223C1D6700D6F433 /* LaunchScreen.storyboard */ = {
			isa = PBXVariantGroup;
			children = (
				EB1B3EA8223C1D6700D6F433 /* Base */,
			);
			name = LaunchScreen.storyboard;
			sourceTree = "<group>";
		};
/* End PBXVariantGroup section */

/* Begin XCBuildConfiguration section */
		EB1B3EAB223C1D6700D6F433 /* Debug */ = {
			isa = XCBuildConfiguration;
			buildSettings = {
				ALWAYS_SEARCH_USER_PATHS = NO;
				CLANG_ANALYZER_NONNULL = YES;
				CLANG_ANALYZER_NUMBER_OBJECT_CONVERSION = YES_AGGRESSIVE;
				CLANG_CXX_LANGUAGE_STANDARD = "gnu++14";
				CLANG_CXX_LIBRARY = "libc++";
				CLANG_ENABLE_MODULES = YES;
				CLANG_ENABLE_OBJC_ARC = YES;
				CLANG_ENABLE_OBJC_WEAK = YES;
				CLANG_WARN_BLOCK_CAPTURE_AUTORELEASING = YES;
				CLANG_WARN_BOOL_CONVERSION = YES;
				CLANG_WARN_COMMA = YES;
				CLANG_WARN_CONSTANT_CONVERSION = YES;
				CLANG_WARN_DEPRECATED_OBJC_IMPLEMENTATIONS = YES;
				CLANG_WARN_DIRECT_OBJC_ISA_USAGE = YES_ERROR;
				CLANG_WARN_DOCUMENTATION_COMMENTS = YES;
				CLANG_WARN_EMPTY_BODY = YES;
				CLANG_WARN_ENUM_CONVERSION = YES;
				CLANG_WARN_INFINITE_RECURSION = YES;
				CLANG_WARN_INT_CONVERSION = YES;
				CLANG_WARN_NON_LITERAL_NULL_CONVERSION = YES;
				CLANG_WARN_OBJC_IMPLICIT_RETAIN_SELF = YES;
				CLANG_WARN_OBJC_LITERAL_CONVERSION = YES;
				CLANG_WARN_OBJC_ROOT_CLASS = YES_ERROR;
				CLANG_WARN_RANGE_LOOP_ANALYSIS = YES;
				CLANG_WARN_STRICT_PROTOTYPES = YES;
				CLANG_WARN_SUSPICIOUS_MOVE = YES;
				CLANG_WARN_UNGUARDED_AVAILABILITY = YES_AGGRESSIVE;
				CLANG_WARN_UNREACHABLE_CODE = YES;
				CLANG_WARN__DUPLICATE_METHOD_MATCH = YES;
				CODE_SIGN_IDENTITY = "iPhone Developer";
				COPY_PHASE_STRIP = NO;
				DEBUG_INFORMATION_FORMAT = dwarf;
				ENABLE_STRICT_OBJC_MSGSEND = YES;
				ENABLE_TESTABILITY = YES;
				GCC_C_LANGUAGE_STANDARD = gnu11;
				GCC_DYNAMIC_NO_PIC = NO;
				GCC_NO_COMMON_BLOCKS = YES;
				GCC_OPTIMIZATION_LEVEL = 0;
				GCC_PREPROCESSOR_DEFINITIONS = (
					"DEBUG=1",
					"$(inherited)",
				);
				GCC_WARN_64_TO_32_BIT_CONVERSION = YES;
				GCC_WARN_ABOUT_RETURN_TYPE = YES_ERROR;
				GCC_WARN_UNDECLARED_SELECTOR = YES;
				GCC_WARN_UNINITIALIZED_AUTOS = YES_AGGRESSIVE;
				GCC_WARN_UNUSED_FUNCTION = YES;
				GCC_WARN_UNUSED_VARIABLE = YES;
				IPHONEOS_DEPLOYMENT_TARGET = 12.1;
				MTL_ENABLE_DEBUG_INFO = INCLUDE_SOURCE;
				MTL_FAST_MATH = YES;
				ONLY_ACTIVE_ARCH = YES;
				SDKROOT = iphoneos;
				SWIFT_ACTIVE_COMPILATION_CONDITIONS = DEBUG;
				SWIFT_OPTIMIZATION_LEVEL = "-Onone";
			};
			name = Debug;
		};
		EB1B3EAC223C1D6700D6F433 /* Release */ = {
			isa = XCBuildConfiguration;
			buildSettings = {
				ALWAYS_SEARCH_USER_PATHS = NO;
				CLANG_ANALYZER_NONNULL = YES;
				CLANG_ANALYZER_NUMBER_OBJECT_CONVERSION = YES_AGGRESSIVE;
				CLANG_CXX_LANGUAGE_STANDARD = "gnu++14";
				CLANG_CXX_LIBRARY = "libc++";
				CLANG_ENABLE_MODULES = YES;
				CLANG_ENABLE_OBJC_ARC = YES;
				CLANG_ENABLE_OBJC_WEAK = YES;
				CLANG_WARN_BLOCK_CAPTURE_AUTORELEASING = YES;
				CLANG_WARN_BOOL_CONVERSION = YES;
				CLANG_WARN_COMMA = YES;
				CLANG_WARN_CONSTANT_CONVERSION = YES;
				CLANG_WARN_DEPRECATED_OBJC_IMPLEMENTATIONS = YES;
				CLANG_WARN_DIRECT_OBJC_ISA_USAGE = YES_ERROR;
				CLANG_WARN_DOCUMENTATION_COMMENTS = YES;
				CLANG_WARN_EMPTY_BODY = YES;
				CLANG_WARN_ENUM_CONVERSION = YES;
				CLANG_WARN_INFINITE_RECURSION = YES;
				CLANG_WARN_INT_CONVERSION = YES;
				CLANG_WARN_NON_LITERAL_NULL_CONVERSION = YES;
				CLANG_WARN_OBJC_IMPLICIT_RETAIN_SELF = YES;
				CLANG_WARN_OBJC_LITERAL_CONVERSION = YES;
				CLANG_WARN_OBJC_ROOT_CLASS = YES_ERROR;
				CLANG_WARN_RANGE_LOOP_ANALYSIS = YES;
				CLANG_WARN_STRICT_PROTOTYPES = YES;
				CLANG_WARN_SUSPICIOUS_MOVE = YES;
				CLANG_WARN_UNGUARDED_AVAILABILITY = YES_AGGRESSIVE;
				CLANG_WARN_UNREACHABLE_CODE = YES;
				CLANG_WARN__DUPLICATE_METHOD_MATCH = YES;
				CODE_SIGN_IDENTITY = "iPhone Developer";
				COPY_PHASE_STRIP = NO;
				DEBUG_INFORMATION_FORMAT = "dwarf-with-dsym";
				ENABLE_NS_ASSERTIONS = NO;
				ENABLE_STRICT_OBJC_MSGSEND = YES;
				GCC_C_LANGUAGE_STANDARD = gnu11;
				GCC_NO_COMMON_BLOCKS = YES;
				GCC_WARN_64_TO_32_BIT_CONVERSION = YES;
				GCC_WARN_ABOUT_RETURN_TYPE = YES_ERROR;
				GCC_WARN_UNDECLARED_SELECTOR = YES;
				GCC_WARN_UNINITIALIZED_AUTOS = YES_AGGRESSIVE;
				GCC_WARN_UNUSED_FUNCTION = YES;
				GCC_WARN_UNUSED_VARIABLE = YES;
				IPHONEOS_DEPLOYMENT_TARGET = 12.1;
				MTL_ENABLE_DEBUG_INFO = NO;
				MTL_FAST_MATH = YES;
				SDKROOT = iphoneos;
				SWIFT_COMPILATION_MODE = wholemodule;
				SWIFT_OPTIMIZATION_LEVEL = "-O";
				VALIDATE_PRODUCT = YES;
			};
			name = Release;
		};
		EB1B3EAE223C1D6700D6F433 /* Debug */ = {
			isa = XCBuildConfiguration;
			buildSettings = {
				ASSETCATALOG_COMPILER_APPICON_NAME = AppIcon;
				CODE_SIGN_STYLE = Automatic;
				DEVELOPMENT_TEAM = ZG6MX6Y69N;
				INFOPLIST_FILE = Inspira/Info.plist;
				LD_RUNPATH_SEARCH_PATHS = (
					"$(inherited)",
					"@executable_path/Frameworks",
				);
				PRODUCT_BUNDLE_IDENTIFIER = jamort8.Inspira;
				PRODUCT_NAME = "$(TARGET_NAME)";
				SWIFT_VERSION = 5.0;
				TARGETED_DEVICE_FAMILY = "1,2";
			};
			name = Debug;
		};
		EB1B3EAF223C1D6700D6F433 /* Release */ = {
			isa = XCBuildConfiguration;
			buildSettings = {
				ASSETCATALOG_COMPILER_APPICON_NAME = AppIcon;
				CODE_SIGN_STYLE = Automatic;
				DEVELOPMENT_TEAM = ZG6MX6Y69N;
				INFOPLIST_FILE = Inspira/Info.plist;
				LD_RUNPATH_SEARCH_PATHS = (
					"$(inherited)",
					"@executable_path/Frameworks",
				);
				PRODUCT_BUNDLE_IDENTIFIER = jamort8.Inspira;
				PRODUCT_NAME = "$(TARGET_NAME)";
				SWIFT_VERSION = 5.0;
				TARGETED_DEVICE_FAMILY = "1,2";
			};
			name = Release;
		};
/* End XCBuildConfiguration section */

/* Begin XCConfigurationList section */
		EB1B3E93223C1D5C00D6F433 /* Build configuration list for PBXProject "Inspira" */ = {
			isa = XCConfigurationList;
			buildConfigurations = (
				EB1B3EAB223C1D6700D6F433 /* Debug */,
				EB1B3EAC223C1D6700D6F433 /* Release */,
			);
			defaultConfigurationIsVisible = 0;
			defaultConfigurationName = Release;
		};
		EB1B3EAD223C1D6700D6F433 /* Build configuration list for PBXNativeTarget "Inspira" */ = {
			isa = XCConfigurationList;
			buildConfigurations = (
				EB1B3EAE223C1D6700D6F433 /* Debug */,
				EB1B3EAF223C1D6700D6F433 /* Release */,
			);
			defaultConfigurationIsVisible = 0;
			defaultConfigurationName = Release;
		};
/* End XCConfigurationList section */

/* Begin XCVersionGroup section */
		EB1B3EA2223C1D5C00D6F433 /* Inspira.xcdatamodeld */ = {
			isa = XCVersionGroup;
			children = (
				EB1B3EA3223C1D5C00D6F433 /* Inspira.xcdatamodel */,
			);
			currentVersion = EB1B3EA3223C1D5C00D6F433 /* Inspira.xcdatamodel */;
			path = Inspira.xcdatamodeld;
			sourceTree = "<group>";
			versionGroupType = wrapper.xcdatamodel;
		};
/* End XCVersionGroup section */
	};
	rootObject = EB1B3E90223C1D5C00D6F433 /* Project object */;
}
